
Microsoft Visual Studio Solution File, Format Version 12.00
# Visual Studio 15
Project("{FAE04EC0-301F-11D3-BF4B-00C04F79EFBC}") = "3_project_boost", "Assembly-CSharp.csproj", "{34F91C84-6A5E-AA39-EAF4-B73FD1537077}"
EndProject
Global
	GlobalSection(SolutionConfigurationPlatforms) = preSolution
		Debug|Any CPU = Debug|Any CPU
		Release|Any CPU = Release|Any CPU
	EndGlobalSection
	GlobalSection(ProjectConfigurationPlatforms) = postSolution
		{34F91C84-6A5E-AA39-EAF4-B73FD1537077}.Debug|Any CPU.ActiveCfg = Debug|Any CPU
		{34F91C84-6A5E-AA39-EAF4-B73FD1537077}.Debug|Any CPU.Build.0 = Debug|Any CPU
		{34F91C84-6A5E-AA39-EAF4-B73FD1537077}.Release|Any CPU.ActiveCfg = Release|Any CPU
		{34F91C84-6A5E-AA39-EAF4-B73FD1537077}.Release|Any CPU.Build.0 = Release|Any CPU
	EndGlobalSection
	GlobalSection(SolutionProperties) = preSolution
		HideSolutionNode = FALSE
	EndGlobalSection
EndGlobal
